
Microsoft Visual Studio Solution File, Format Version 12.00
Project("{FAE04EC0-301F-11D3-BF4B-00C04F79EFBC}") = "Mrh.Monad", "Mrh.Monad\Mrh.Monad.csproj", "{8D20A465-04D8-4D88-80CE-51A9AD3FBF3E}"
EndProject
Project("{FAE04EC0-301F-11D3-BF4B-00C04F79EFBC}") = "Mrh.Concurrent", "Mrh.Concurrent\Mrh.Concurrent.csproj", "{C186B331-66EC-4718-BB56-879B4576E6DD}"
EndProject
Project("{FAE04EC0-301F-11D3-BF4B-00C04F79EFBC}") = "Mrh.Core", "Mrh.Core\Mrh.Core.csproj", "{339CFAEA-8EF6-4DAA-B731-1C2C80ED0DC5}"
EndProject
Project("{FAE04EC0-301F-11D3-BF4B-00C04F79EFBC}") = "Mrh.Concurrent.Test", "Mrh.Concurrent.Test\Mrh.Concurrent.Test.csproj", "{C622F815-E437-4AE4-9475-DB56A16727CE}"
EndProject
Project("{FAE04EC0-301F-11D3-BF4B-00C04F79EFBC}") = "Mrr.Concurrent.Console.Test", "Mrr.Concurrent.Console.Test\Mrr.Concurrent.Console.Test.csproj", "{9AE11A7B-E0F6-426F-AA9C-6885B55761D1}"
EndProject
Project("{2150E333-8FDC-42A3-9474-1A3956D46DE8}") = "Test", "Test", "{9A58C240-41FE-4DC1-82B9-62A0054BB364}"
EndProject
Project("{FAE04EC0-301F-11D3-BF4B-00C04F79EFBC}") = "Mrh.DataStructures", "Mrh.DataStructures\Mrh.DataStructures.csproj", "{361FCC93-3264-43D2-9022-51666F110D07}"
EndProject
Project("{FAE04EC0-301F-11D3-BF4B-00C04F79EFBC}") = "Mrh.DataStructure.Test", "Mrh.DataStructure.Test\Mrh.DataStructure.Test.csproj", "{24801666-3F6E-48AE-A46B-372630F40F53}"
EndProject
Project("{FAE04EC0-301F-11D3-BF4B-00C04F79EFBC}") = "Mrh.Database", "Mrh.Database\Mrh.Database.csproj", "{B585EE44-3C72-43BF-8052-B13CA6AD3467}"
EndProject
Project("{FAE04EC0-301F-11D3-BF4B-00C04F79EFBC}") = "Mrh.Database.Test", "Mrh.Database.Test\Mrh.Database.Test.csproj", "{FBBD7B2D-B481-4AB6-84C8-2B074AE9BD86}"
EndProject
Project("{FAE04EC0-301F-11D3-BF4B-00C04F79EFBC}") = "Mrh.Core.Test", "Mrh.Core.Test\Mrh.Core.Test.csproj", "{1449CFB5-E3B0-41C9-BE31-AD165B9F4FBC}"
EndProject
Project("{FAE04EC0-301F-11D3-BF4B-00C04F79EFBC}") = "Mrh.Distributed", "Mrh.Distributed\Mrh.Distributed.csproj", "{C1FC043F-8BD5-47EE-B4E2-D10EB74A384F}"
EndProject
Project("{FAE04EC0-301F-11D3-BF4B-00C04F79EFBC}") = "Mrh.StateMachine", "Mrh.StateMachine\Mrh.StateMachine.csproj", "{807411D6-C10A-4E34-8F9D-D5272ECB518C}"
EndProject
Project("{FAE04EC0-301F-11D3-BF4B-00C04F79EFBC}") = "Mrh.StateMachine.Test", "Mrh.StateMachine.Test\Mrh.StateMachine.Test.csproj", "{7059517E-1841-4209-8BA7-C043F01E1678}"
EndProject
Project("{2150E333-8FDC-42A3-9474-1A3956D46DE8}") = "Web", "Web", "{79827CA1-E39A-417A-B936-2BE7D9DE8730}"
EndProject
Project("{FAE04EC0-301F-11D3-BF4B-00C04F79EFBC}") = "TestApp", "TestApp\TestApp.csproj", "{6551BA3E-C073-48FB-A44F-E81085E7BF55}"
EndProject
Project("{FAE04EC0-301F-11D3-BF4B-00C04F79EFBC}") = "Mrh.Messaging", "Mrh.Messaging\Mrh.Messaging.csproj", "{285053BE-D172-4D04-9B68-6BD9354CE797}"
EndProject
Project("{FAE04EC0-301F-11D3-BF4B-00C04F79EFBC}") = "Mrh.Messaging.Test", "Mrh.Messaging.Test\Mrh.Messaging.Test.csproj", "{FD70561C-727D-4818-9FEF-81D1CE8B3355}"
EndProject
Global
	GlobalSection(SolutionConfigurationPlatforms) = preSolution
		Debug|Any CPU = Debug|Any CPU
		Release|Any CPU = Release|Any CPU
	EndGlobalSection
	GlobalSection(ProjectConfigurationPlatforms) = postSolution
		{8D20A465-04D8-4D88-80CE-51A9AD3FBF3E}.Debug|Any CPU.ActiveCfg = Debug|Any CPU
		{8D20A465-04D8-4D88-80CE-51A9AD3FBF3E}.Debug|Any CPU.Build.0 = Debug|Any CPU
		{8D20A465-04D8-4D88-80CE-51A9AD3FBF3E}.Release|Any CPU.ActiveCfg = Debug|Any CPU
		{8D20A465-04D8-4D88-80CE-51A9AD3FBF3E}.Release|Any CPU.Build.0 = Debug|Any CPU
		{C186B331-66EC-4718-BB56-879B4576E6DD}.Debug|Any CPU.ActiveCfg = Debug|Any CPU
		{C186B331-66EC-4718-BB56-879B4576E6DD}.Debug|Any CPU.Build.0 = Debug|Any CPU
		{C186B331-66EC-4718-BB56-879B4576E6DD}.Release|Any CPU.ActiveCfg = Release|Any CPU
		{C186B331-66EC-4718-BB56-879B4576E6DD}.Release|Any CPU.Build.0 = Release|Any CPU
		{339CFAEA-8EF6-4DAA-B731-1C2C80ED0DC5}.Debug|Any CPU.ActiveCfg = Debug|Any CPU
		{339CFAEA-8EF6-4DAA-B731-1C2C80ED0DC5}.Debug|Any CPU.Build.0 = Debug|Any CPU
		{339CFAEA-8EF6-4DAA-B731-1C2C80ED0DC5}.Release|Any CPU.ActiveCfg = Release|Any CPU
		{339CFAEA-8EF6-4DAA-B731-1C2C80ED0DC5}.Release|Any CPU.Build.0 = Release|Any CPU
		{C622F815-E437-4AE4-9475-DB56A16727CE}.Debug|Any CPU.ActiveCfg = Debug|Any CPU
		{C622F815-E437-4AE4-9475-DB56A16727CE}.Debug|Any CPU.Build.0 = Debug|Any CPU
		{C622F815-E437-4AE4-9475-DB56A16727CE}.Release|Any CPU.ActiveCfg = Release|Any CPU
		{C622F815-E437-4AE4-9475-DB56A16727CE}.Release|Any CPU.Build.0 = Release|Any CPU
		{9AE11A7B-E0F6-426F-AA9C-6885B55761D1}.Debug|Any CPU.ActiveCfg = Debug|Any CPU
		{9AE11A7B-E0F6-426F-AA9C-6885B55761D1}.Debug|Any CPU.Build.0 = Debug|Any CPU
		{9AE11A7B-E0F6-426F-AA9C-6885B55761D1}.Release|Any CPU.ActiveCfg = Release|Any CPU
		{9AE11A7B-E0F6-426F-AA9C-6885B55761D1}.Release|Any CPU.Build.0 = Release|Any CPU
		{361FCC93-3264-43D2-9022-51666F110D07}.Debug|Any CPU.ActiveCfg = Debug|Any CPU
		{361FCC93-3264-43D2-9022-51666F110D07}.Debug|Any CPU.Build.0 = Debug|Any CPU
		{361FCC93-3264-43D2-9022-51666F110D07}.Release|Any CPU.ActiveCfg = Release|Any CPU
		{361FCC93-3264-43D2-9022-51666F110D07}.Release|Any CPU.Build.0 = Release|Any CPU
		{24801666-3F6E-48AE-A46B-372630F40F53}.Debug|Any CPU.ActiveCfg = Debug|Any CPU
		{24801666-3F6E-48AE-A46B-372630F40F53}.Debug|Any CPU.Build.0 = Debug|Any CPU
		{24801666-3F6E-48AE-A46B-372630F40F53}.Release|Any CPU.ActiveCfg = Release|Any CPU
		{24801666-3F6E-48AE-A46B-372630F40F53}.Release|Any CPU.Build.0 = Release|Any CPU
		{B585EE44-3C72-43BF-8052-B13CA6AD3467}.Debug|Any CPU.ActiveCfg = Debug|Any CPU
		{B585EE44-3C72-43BF-8052-B13CA6AD3467}.Debug|Any CPU.Build.0 = Debug|Any CPU
		{B585EE44-3C72-43BF-8052-B13CA6AD3467}.Release|Any CPU.ActiveCfg = Release|Any CPU
		{B585EE44-3C72-43BF-8052-B13CA6AD3467}.Release|Any CPU.Build.0 = Release|Any CPU
		{FBBD7B2D-B481-4AB6-84C8-2B074AE9BD86}.Debug|Any CPU.ActiveCfg = Debug|Any CPU
		{FBBD7B2D-B481-4AB6-84C8-2B074AE9BD86}.Debug|Any CPU.Build.0 = Debug|Any CPU
		{FBBD7B2D-B481-4AB6-84C8-2B074AE9BD86}.Release|Any CPU.ActiveCfg = Release|Any CPU
		{FBBD7B2D-B481-4AB6-84C8-2B074AE9BD86}.Release|Any CPU.Build.0 = Release|Any CPU
		{1449CFB5-E3B0-41C9-BE31-AD165B9F4FBC}.Debug|Any CPU.ActiveCfg = Debug|Any CPU
		{1449CFB5-E3B0-41C9-BE31-AD165B9F4FBC}.Debug|Any CPU.Build.0 = Debug|Any CPU
		{1449CFB5-E3B0-41C9-BE31-AD165B9F4FBC}.Release|Any CPU.ActiveCfg = Release|Any CPU
		{1449CFB5-E3B0-41C9-BE31-AD165B9F4FBC}.Release|Any CPU.Build.0 = Release|Any CPU
		{C1FC043F-8BD5-47EE-B4E2-D10EB74A384F}.Debug|Any CPU.ActiveCfg = Debug|Any CPU
		{C1FC043F-8BD5-47EE-B4E2-D10EB74A384F}.Debug|Any CPU.Build.0 = Debug|Any CPU
		{C1FC043F-8BD5-47EE-B4E2-D10EB74A384F}.Release|Any CPU.ActiveCfg = Release|Any CPU
		{C1FC043F-8BD5-47EE-B4E2-D10EB74A384F}.Release|Any CPU.Build.0 = Release|Any CPU
		{807411D6-C10A-4E34-8F9D-D5272ECB518C}.Debug|Any CPU.ActiveCfg = Debug|Any CPU
		{807411D6-C10A-4E34-8F9D-D5272ECB518C}.Debug|Any CPU.Build.0 = Debug|Any CPU
		{807411D6-C10A-4E34-8F9D-D5272ECB518C}.Release|Any CPU.ActiveCfg = Release|Any CPU
		{807411D6-C10A-4E34-8F9D-D5272ECB518C}.Release|Any CPU.Build.0 = Release|Any CPU
		{7059517E-1841-4209-8BA7-C043F01E1678}.Debug|Any CPU.ActiveCfg = Debug|Any CPU
		{7059517E-1841-4209-8BA7-C043F01E1678}.Debug|Any CPU.Build.0 = Debug|Any CPU
		{7059517E-1841-4209-8BA7-C043F01E1678}.Release|Any CPU.ActiveCfg = Release|Any CPU
		{7059517E-1841-4209-8BA7-C043F01E1678}.Release|Any CPU.Build.0 = Release|Any CPU
		{6551BA3E-C073-48FB-A44F-E81085E7BF55}.Debug|Any CPU.ActiveCfg = Debug|Any CPU
		{6551BA3E-C073-48FB-A44F-E81085E7BF55}.Debug|Any CPU.Build.0 = Debug|Any CPU
		{6551BA3E-C073-48FB-A44F-E81085E7BF55}.Release|Any CPU.ActiveCfg = Release|Any CPU
		{6551BA3E-C073-48FB-A44F-E81085E7BF55}.Release|Any CPU.Build.0 = Release|Any CPU
		{285053BE-D172-4D04-9B68-6BD9354CE797}.Debug|Any CPU.ActiveCfg = Debug|Any CPU
		{285053BE-D172-4D04-9B68-6BD9354CE797}.Debug|Any CPU.Build.0 = Debug|Any CPU
		{285053BE-D172-4D04-9B68-6BD9354CE797}.Release|Any CPU.ActiveCfg = Release|Any CPU
		{285053BE-D172-4D04-9B68-6BD9354CE797}.Release|Any CPU.Build.0 = Release|Any CPU
		{FD70561C-727D-4818-9FEF-81D1CE8B3355}.Debug|Any CPU.ActiveCfg = Debug|Any CPU
		{FD70561C-727D-4818-9FEF-81D1CE8B3355}.Debug|Any CPU.Build.0 = Debug|Any CPU
		{FD70561C-727D-4818-9FEF-81D1CE8B3355}.Release|Any CPU.ActiveCfg = Release|Any CPU
		{FD70561C-727D-4818-9FEF-81D1CE8B3355}.Release|Any CPU.Build.0 = Release|Any CPU
	EndGlobalSection
	GlobalSection(NestedProjects) = preSolution
		{C622F815-E437-4AE4-9475-DB56A16727CE} = {9A58C240-41FE-4DC1-82B9-62A0054BB364}
		{9AE11A7B-E0F6-426F-AA9C-6885B55761D1} = {9A58C240-41FE-4DC1-82B9-62A0054BB364}
		{24801666-3F6E-48AE-A46B-372630F40F53} = {9A58C240-41FE-4DC1-82B9-62A0054BB364}
		{FBBD7B2D-B481-4AB6-84C8-2B074AE9BD86} = {9A58C240-41FE-4DC1-82B9-62A0054BB364}
		{1449CFB5-E3B0-41C9-BE31-AD165B9F4FBC} = {9A58C240-41FE-4DC1-82B9-62A0054BB364}
		{7059517E-1841-4209-8BA7-C043F01E1678} = {9A58C240-41FE-4DC1-82B9-62A0054BB364}
		{6551BA3E-C073-48FB-A44F-E81085E7BF55} = {79827CA1-E39A-417A-B936-2BE7D9DE8730}
		{FD70561C-727D-4818-9FEF-81D1CE8B3355} = {9A58C240-41FE-4DC1-82B9-62A0054BB364}
	EndGlobalSection
EndGlobal
